
Microsoft Visual Studio Solution File, Format Version 12.00
Project("{FAE04EC0-301F-11D3-BF4B-00C04F79EFBC}") = "SignalRWithHangfire", "SignalRWithHangfire\SignalRWithHangfire.csproj", "{B62C8B85-0A65-4869-BD1C-46A7339316DA}"
EndProject
Global
	GlobalSection(SolutionConfigurationPlatforms) = preSolution
		Debug|Any CPU = Debug|Any CPU
		Release|Any CPU = Release|Any CPU
	EndGlobalSection
	GlobalSection(ProjectConfigurationPlatforms) = postSolution
		{B62C8B85-0A65-4869-BD1C-46A7339316DA}.Debug|Any CPU.ActiveCfg = Debug|Any CPU
		{B62C8B85-0A65-4869-BD1C-46A7339316DA}.Debug|Any CPU.Build.0 = Debug|Any CPU
		{B62C8B85-0A65-4869-BD1C-46A7339316DA}.Release|Any CPU.ActiveCfg = Release|Any CPU
		{B62C8B85-0A65-4869-BD1C-46A7339316DA}.Release|Any CPU.Build.0 = Release|Any CPU
	EndGlobalSection
EndGlobal
